
Microsoft Visual Studio Solution File, Format Version 12.00
# Visual Studio Version 17
VisualStudioVersion = 17.14.37614.0 d17.14
MinimumVisualStudioVersion = 10.0.40219.1
Project("{FAE04EC0-301F-11D3-BF4B-00C04F79EFBC}") = "ToolWindowVSIXPR", "src\ToolWindowVSIXPR\ToolWindowVSIXPR.csproj", "{FE396FD6-4527-4700-B082-E07B7856F521}"
EndProject
Global
	GlobalSection(SolutionConfigurationPlatforms) = preSolution
		Debug|Any CPU = Debug|Any CPU
		Debug|arm64 = Debug|arm64
		Debug|x86 = Debug|x86
		Release|Any CPU = Release|Any CPU
		Release|arm64 = Release|arm64
		Release|x86 = Release|x86
	EndGlobalSection
	GlobalSection(ProjectConfigurationPlatforms) = postSolution
		{FE396FD6-4527-4700-B082-E07B7856F521}.Debug|Any CPU.ActiveCfg = Debug|Any CPU
		{FE396FD6-4527-4700-B082-E07B7856F521}.Debug|Any CPU.Build.0 = Debug|Any CPU
		{FE396FD6-4527-4700-B082-E07B7856F521}.Debug|arm64.ActiveCfg = Debug|arm64
		{FE396FD6-4527-4700-B082-E07B7856F521}.Debug|arm64.Build.0 = Debug|arm64
		{FE396FD6-4527-4700-B082-E07B7856F521}.Debug|x86.ActiveCfg = Debug|x86
		{FE396FD6-4527-4700-B082-E07B7856F521}.Debug|x86.Build.0 = Debug|x86
		{FE396FD6-4527-4700-B082-E07B7856F521}.Release|Any CPU.ActiveCfg = Release|Any CPU
		{FE396FD6-4527-4700-B082-E07B7856F521}.Release|Any CPU.Build.0 = Release|Any CPU
		{FE396FD6-4527-4700-B082-E07B7856F521}.Release|arm64.ActiveCfg = Release|arm64
		{FE396FD6-4527-4700-B082-E07B7856F521}.Release|arm64.Build.0 = Release|arm64
		{FE396FD6-4527-4700-B082-E07B7856F521}.Release|x86.ActiveCfg = Release|x86
		{FE396FD6-4527-4700-B082-E07B7856F521}.Release|x86.Build.0 = Release|x86
	EndGlobalSection
	GlobalSection(SolutionProperties) = preSolution
		HideSolutionNode = FALSE
	EndGlobalSection
	GlobalSection(ExtensibilityGlobals) = postSolution
		SolutionGuid = {A6C23654-F026-437E-A4BC-472B66BAAAE5}
	EndGlobalSection
EndGlobal
